
Microsoft Visual Studio Solution File, Format Version 11.00
# Visual Studio 2010
Project("{911E67C6-3D85-4FCE-B560-20A9C3E3FF48}") = "背单词", "背单词.exe", "{BCAF6C09-B385-410E-A41E-C0791AB7A403}"
	ProjectSection(DebuggerProjectSystem) = preProject
		PortSupplier = 00000000-0000-0000-0000-000000000000
		Executable = D:\承岳\程序\背单词\3.0\背单词\背单词\背单词.exe
		RemoteMachine = ANDREWY-PC
		StartingDirectory = D:\承岳\程序\背单词\3.0\背单词\背单词
		Environment = 默认值
		LaunchingEngine = 00000000-0000-0000-0000-000000000000
		LaunchSQLEngine = No
		AttachLaunchAction = No
	EndProjectSection
EndProject
Global
	GlobalSection(SolutionConfigurationPlatforms) = preSolution
		Debug|Any CPU = Debug|Any CPU
	EndGlobalSection
	GlobalSection(ProjectConfigurationPlatforms) = postSolution
		{BCAF6C09-B385-410E-A41E-C0791AB7A403}.Debug|Any CPU.ActiveCfg = Debug|Any CPU
	EndGlobalSection
	GlobalSection(SolutionProperties) = preSolution
		HideSolutionNode = FALSE
	EndGlobalSection
EndGlobal
